{
  "name": "karoc25.github.io",
  "lockfileVersion": 2,
  "requires": true,
  "packages": {
    "": {
      "dependencies": {
        "aframe-text-geometry-component": "^0.5.1"
      }
    },
    "node_modules/aframe-text-geometry-component": {
      "version": "0.5.1",
      "resolved": "https://registry.npmjs.org/aframe-text-geometry-component/-/aframe-text-geometry-component-0.5.1.tgz",
      "integrity": "sha512-uchxvXp1Ynz4avcIPo7dM/DW4i0CmTX0chWTqzWBsPCmi9UOjWHvyxKl3MMs6tH71o2j1lwz8/w79v9gAVXvYg=="
    }
  },
  "dependencies": {
    "aframe-text-geometry-component": {
      "version": "0.5.1",
      "resolved": "https://registry.npmjs.org/aframe-text-geometry-component/-/aframe-text-geometry-component-0.5.1.tgz",
      "integrity": "sha512-uchxvXp1Ynz4avcIPo7dM/DW4i0CmTX0chWTqzWBsPCmi9UOjWHvyxKl3MMs6tH71o2j1lwz8/w79v9gAVXvYg=="
    }
  }
}
